// !$*UTF8*$!
{
	archiveVersion = 1;
	classes = {
	};
	objectVersion = 55;
	objects = {

/* Begin PBXBuildFile section */
		AB3100042ACBC23300FBF3BF /* GoFitUITests.swift in Sources */ = {isa = PBXBuildFile; fileRef = AB3100032ACBC23300FBF3BF /* GoFitUITests.swift */; };
		AB3100062ACBC23300FBF3BF /* GoFitUITestsLaunchTests.swift in Sources */ = {isa = PBXBuildFile; fileRef = AB3100052ACBC23300FBF3BF /* GoFitUITestsLaunchTests.swift */; };
		AB31FFE92ACBC23100FBF3BF /* GoFitApp.swift in Sources */ = {isa = PBXBuildFile; fileRef = AB31FFE82ACBC23100FBF3BF /* GoFitApp.swift */; };
		AB31FFEB2ACBC23100FBF3BF /* ContentView.swift in Sources */ = {isa = PBXBuildFile; fileRef = AB31FFEA2ACBC23100FBF3BF /* ContentView.swift */; };
		AB31FFED2ACBC23300FBF3BF /* Assets.xcassets in Resources */ = {isa = PBXBuildFile; fileRef = AB31FFEC2ACBC23300FBF3BF /* Assets.xcassets */; };
		AB31FFF02ACBC23300FBF3BF /* Preview Assets.xcassets in Resources */ = {isa = PBXBuildFile; fileRef = AB31FFEF2ACBC23300FBF3BF /* Preview Assets.xcassets */; };
		AB31FFFA2ACBC23300FBF3BF /* GoFitTests.swift in Sources */ = {isa = PBXBuildFile; fileRef = AB31FFF92ACBC23300FBF3BF /* GoFitTests.swift */; };
/* End PBXBuildFile section */

/* Begin PBXContainerItemProxy section */
		AB3100002ACBC23300FBF3BF /* PBXContainerItemProxy */ = {
			isa = PBXContainerItemProxy;
			containerPortal = AB31FFDD2ACBC23100FBF3BF /* Project object */;
			proxyType = 1;
			remoteGlobalIDString = AB31FFE42ACBC23100FBF3BF;
			remoteInfo = GoFit;
		};
		AB31FFF62ACBC23300FBF3BF /* PBXContainerItemProxy */ = {
			isa = PBXContainerItemProxy;
			containerPortal = AB31FFDD2ACBC23100FBF3BF /* Project object */;
			proxyType = 1;
			remoteGlobalIDString = AB31FFE42ACBC23100FBF3BF;
			remoteInfo = GoFit;
		};
/* End PBXContainerItemProxy section */

/* Begin PBXFileReference section */
		AB3100032ACBC23300FBF3BF /* GoFitUITests.swift */ = {isa = PBXFileReference; lastKnownFileType = sourcecode.swift; path = GoFitUITests.swift; sourceTree = "<group>"; };
		AB3100052ACBC23300FBF3BF /* GoFitUITestsLaunchTests.swift */ = {isa = PBXFileReference; lastKnownFileType = sourcecode.swift; path = GoFitUITestsLaunchTests.swift; sourceTree = "<group>"; };
		AB31FFE52ACBC23100FBF3BF /* GoFit.app */ = {isa = PBXFileReference; explicitFileType = wrapper.application; includeInIndex = 0; path = GoFit.app; sourceTree = BUILT_PRODUCTS_DIR; };
		AB31FFE82ACBC23100FBF3BF /* GoFitApp.swift */ = {isa = PBXFileReference; lastKnownFileType = sourcecode.swift; path = GoFitApp.swift; sourceTree = "<group>"; };
		AB31FFEA2ACBC23100FBF3BF /* ContentView.swift */ = {isa = PBXFileReference; lastKnownFileType = sourcecode.swift; path = ContentView.swift; sourceTree = "<group>"; };
		AB31FFEC2ACBC23300FBF3BF /* Assets.xcassets */ = {isa = PBXFileReference; lastKnownFileType = folder.assetcatalog; path = Assets.xcassets; sourceTree = "<group>"; };
		AB31FFEF2ACBC23300FBF3BF /* Preview Assets.xcassets */ = {isa = PBXFileReference; lastKnownFileType = folder.assetcatalog; path = "Preview Assets.xcassets"; sourceTree = "<group>"; };
		AB31FFF52ACBC23300FBF3BF /* GoFitTests.xctest */ = {isa = PBXFileReference; explicitFileType = wrapper.cfbundle; includeInIndex = 0; path = GoFitTests.xctest; sourceTree = BUILT_PRODUCTS_DIR; };
		AB31FFF92ACBC23300FBF3BF /* GoFitTests.swift */ = {isa = PBXFileReference; lastKnownFileType = sourcecode.swift; path = GoFitTests.swift; sourceTree = "<group>"; };
		AB31FFFF2ACBC23300FBF3BF /* GoFitUITests.xctest */ = {isa = PBXFileReference; explicitFileType = wrapper.cfbundle; includeInIndex = 0; path = GoFitUITests.xctest; sourceTree = BUILT_PRODUCTS_DIR; };
/* End PBXFileReference section */

/* Begin PBXFrameworksBuildPhase section */
		AB31FFE22ACBC23100FBF3BF /* Frameworks */ = {
			isa = PBXFrameworksBuildPhase;
			buildActionMask = 2147483647;
			files = (
			);
			runOnlyForDeploymentPostprocessing = 0;
		};
		AB31FFF22ACBC23300FBF3BF /* Frameworks */ = {
			isa = PBXFrameworksBuildPhase;
			buildActionMask = 2147483647;
			files = (
			);
			runOnlyForDeploymentPostprocessing = 0;
		};
		AB31FFFC2ACBC23300FBF3BF /* Frameworks */ = {
			isa = PBXFrameworksBuildPhase;
			buildActionMask = 2147483647;
			files = (
			);
			runOnlyForDeploymentPostprocessing = 0;
		};
/* End PBXFrameworksBuildPhase section */

/* Begin PBXGroup section */
		AB3100022ACBC23300FBF3BF /* GoFitUITests */ = {
			isa = PBXGroup;
			children = (
				AB3100032ACBC23300FBF3BF /* GoFitUITests.swift */,
				AB3100052ACBC23300FBF3BF /* GoFitUITestsLaunchTests.swift */,
			);
			path = GoFitUITests;
			sourceTree = "<group>";
		};
		AB31FFDC2ACBC23100FBF3BF = {
			isa = PBXGroup;
			children = (
				AB31FFE72ACBC23100FBF3BF /* GoFit */,
				AB31FFF82ACBC23300FBF3BF /* GoFitTests */,
				AB3100022ACBC23300FBF3BF /* GoFitUITests */,
				AB31FFE62ACBC23100FBF3BF /* Products */,
			);
			sourceTree = "<group>";
		};
		AB31FFE62ACBC23100FBF3BF /* Products */ = {
			isa = PBXGroup;
			children = (
				AB31FFE52ACBC23100FBF3BF /* GoFit.app */,
				AB31FFF52ACBC23300FBF3BF /* GoFitTests.xctest */,
				AB31FFFF2ACBC23300FBF3BF /* GoFitUITests.xctest */,
			);
			name = Products;
			sourceTree = "<group>";
		};
		AB31FFE72ACBC23100FBF3BF /* GoFit */ = {
			isa = PBXGroup;
			children = (
				AB31FFE82ACBC23100FBF3BF /* GoFitApp.swift */,
				AB31FFEA2ACBC23100FBF3BF /* ContentView.swift */,
				AB31FFEC2ACBC23300FBF3BF /* Assets.xcassets */,
				AB31FFEE2ACBC23300FBF3BF /* Preview Content */,
			);
			path = GoFit;
			sourceTree = "<group>";
		};
		AB31FFEE2ACBC23300FBF3BF /* Preview Content */ = {
			isa = PBXGroup;
			children = (
				AB31FFEF2ACBC23300FBF3BF /* Preview Assets.xcassets */,
			);
			path = "Preview Content";
			sourceTree = "<group>";
		};
		AB31FFF82ACBC23300FBF3BF /* GoFitTests */ = {
			isa = PBXGroup;
			children = (
				AB31FFF92ACBC23300FBF3BF /* GoFitTests.swift */,
			);
			path = GoFitTests;
			sourceTree = "<group>";
		};
/* End PBXGroup section */

/* Begin PBXNativeTarget section */
		AB31FFE42ACBC23100FBF3BF /* GoFit */ = {
			isa = PBXNativeTarget;
			buildConfigurationList = AB3100092ACBC23300FBF3BF /* Build configuration list for PBXNativeTarget "GoFit" */;
			buildPhases = (
				AB31FFE12ACBC23100FBF3BF /* Sources */,
				AB31FFE22ACBC23100FBF3BF /* Frameworks */,
				AB31FFE32ACBC23100FBF3BF /* Resources */,
			);
			buildRules = (
			);
			dependencies = (
			);
			name = GoFit;
			productName = GoFit;
			productReference = AB31FFE52ACBC23100FBF3BF /* GoFit.app */;
			productType = "com.apple.product-type.application";
		};
		AB31FFF42ACBC23300FBF3BF /* GoFitTests */ = {
			isa = PBXNativeTarget;
			buildConfigurationList = AB31000C2ACBC23300FBF3BF /* Build configuration list for PBXNativeTarget "GoFitTests" */;
			buildPhases = (
				AB31FFF12ACBC23300FBF3BF /* Sources */,
				AB31FFF22ACBC23300FBF3BF /* Frameworks */,
				AB31FFF32ACBC23300FBF3BF /* Resources */,
			);
			buildRules = (
			);
			dependencies = (
				AB31FFF72ACBC23300FBF3BF /* PBXTargetDependency */,
			);
			name = GoFitTests;
			productName = GoFitTests;
			productReference = AB31FFF52ACBC23300FBF3BF /* GoFitTests.xctest */;
			productType = "com.apple.product-type.bundle.unit-test";
		};
		AB31FFFE2ACBC23300FBF3BF /* GoFitUITests */ = {
			isa = PBXNativeTarget;
			buildConfigurationList = AB31000F2ACBC23300FBF3BF /* Build configuration list for PBXNativeTarget "GoFitUITests" */;
			buildPhases = (
				AB31FFFB2ACBC23300FBF3BF /* Sources */,
				AB31FFFC2ACBC23300FBF3BF /* Frameworks */,
				AB31FFFD2ACBC23300FBF3BF /* Resources */,
			);
			buildRules = (
			);
			dependencies = (
				AB3100012ACBC23300FBF3BF /* PBXTargetDependency */,
			);
			name = GoFitUITests;
			productName = GoFitUITests;
			productReference = AB31FFFF2ACBC23300FBF3BF /* GoFitUITests.xctest */;
			productType = "com.apple.product-type.bundle.ui-testing";
		};
/* End PBXNativeTarget section */

/* Begin PBXProject section */
		AB31FFDD2ACBC23100FBF3BF /* Project object */ = {
			isa = PBXProject;
			attributes = {
				BuildIndependentTargetsInParallel = 1;
				LastSwiftUpdateCheck = 1340;
				LastUpgradeCheck = 1340;
				TargetAttributes = {
					AB31FFE42ACBC23100FBF3BF = {
						CreatedOnToolsVersion = 13.4.1;
					};
					AB31FFF42ACBC23300FBF3BF = {
						CreatedOnToolsVersion = 13.4.1;
						TestTargetID = AB31FFE42ACBC23100FBF3BF;
					};
					AB31FFFE2ACBC23300FBF3BF = {
						CreatedOnToolsVersion = 13.4.1;
						TestTargetID = AB31FFE42ACBC23100FBF3BF;
					};
				};
			};
			buildConfigurationList = AB31FFE02ACBC23100FBF3BF /* Build configuration list for PBXProject "GoFit" */;
			compatibilityVersion = "Xcode 13.0";
			developmentRegion = en;
			hasScannedForEncodings = 0;
			knownRegions = (
				en,
				Base,
			);
			mainGroup = AB31FFDC2ACBC23100FBF3BF;
			productRefGroup = AB31FFE62ACBC23100FBF3BF /* Products */;
			projectDirPath = "";
			projectRoot = "";
			targets = (
				AB31FFE42ACBC23100FBF3BF /* GoFit */,
				AB31FFF42ACBC23300FBF3BF /* GoFitTests */,
				AB31FFFE2ACBC23300FBF3BF /* GoFitUITests */,
			);
		};
/* End PBXProject section */

/* Begin PBXResourcesBuildPhase section */
		AB31FFE32ACBC23100FBF3BF /* Resources */ = {
			isa = PBXResourcesBuildPhase;
			buildActionMask = 2147483647;
			files = (
				AB31FFF02ACBC23300FBF3BF /* Preview Assets.xcassets in Resources */,
				AB31FFED2ACBC23300FBF3BF /* Assets.xcassets in Resources */,
			);
			runOnlyForDeploymentPostprocessing = 0;
		};
		AB31FFF32ACBC23300FBF3BF /* Resources */ = {
			isa = PBXResourcesBuildPhase;
			buildActionMask = 2147483647;
			files = (
			);
			runOnlyForDeploymentPostprocessing = 0;
		};
		AB31FFFD2ACBC23300FBF3BF /* Resources */ = {
			isa = PBXResourcesBuildPhase;
			buildActionMask = 2147483647;
			files = (
			);
			runOnlyForDeploymentPostprocessing = 0;
		};
/* End PBXResourcesBuildPhase section */

/* Begin PBXSourcesBuildPhase section */
		AB31FFE12ACBC23100FBF3BF /* Sources */ = {
			isa = PBXSourcesBuildPhase;
			buildActionMask = 2147483647;
			files = (
				AB31FFEB2ACBC23100FBF3BF /* ContentView.swift in Sources */,
				AB31FFE92ACBC23100FBF3BF /* GoFitApp.swift in Sources */,
			);
			runOnlyForDeploymentPostprocessing = 0;
		};
		AB31FFF12ACBC23300FBF3BF /* Sources */ = {
			isa = PBXSourcesBuildPhase;
			buildActionMask = 2147483647;
			files = (
				AB31FFFA2ACBC23300FBF3BF /* GoFitTests.swift in Sources */,
			);
			runOnlyForDeploymentPostprocessing = 0;
		};
		AB31FFFB2ACBC23300FBF3BF /* Sources */ = {
			isa = PBXSourcesBuildPhase;
			buildActionMask = 2147483647;
			files = (
				AB3100062ACBC23300FBF3BF /* GoFitUITestsLaunchTests.swift in Sources */,
				AB3100042ACBC23300FBF3BF /* GoFitUITests.swift in Sources */,
			);
			runOnlyForDeploymentPostprocessing = 0;
		};
/* End PBXSourcesBuildPhase section */

/* Begin PBXTargetDependency section */
		AB3100012ACBC23300FBF3BF /* PBXTargetDependency */ = {
			isa = PBXTargetDependency;
			target = AB31FFE42ACBC23100FBF3BF /* GoFit */;
			targetProxy = AB3100002ACBC23300FBF3BF /* PBXContainerItemProxy */;
		};
		AB31FFF72ACBC23300FBF3BF /* PBXTargetDependency */ = {
			isa = PBXTargetDependency;
			target = AB31FFE42ACBC23100FBF3BF /* GoFit */;
			targetProxy = AB31FFF62ACBC23300FBF3BF /* PBXContainerItemProxy */;
		};
/* End PBXTargetDependency section */

/* Begin XCBuildConfiguration section */
		AB3100072ACBC23300FBF3BF /* Debug */ = {
			isa = XCBuildConfiguration;
			buildSettings = {
				ALWAYS_SEARCH_USER_PATHS = NO;
				CLANG_ANALYZER_NONNULL = YES;
				CLANG_ANALYZER_NUMBER_OBJECT_CONVERSION = YES_AGGRESSIVE;
				CLANG_CXX_LANGUAGE_STANDARD = "gnu++17";
				CLANG_ENABLE_MODULES = YES;
				CLANG_ENABLE_OBJC_ARC = YES;
				CLANG_ENABLE_OBJC_WEAK = YES;
				CLANG_WARN_BLOCK_CAPTURE_AUTORELEASING = YES;
				CLANG_WARN_BOOL_CONVERSION = YES;
				CLANG_WARN_COMMA = YES;
				CLANG_WARN_CONSTANT_CONVERSION = YES;
				CLANG_WARN_DEPRECATED_OBJC_IMPLEMENTATIONS = YES;
				CLANG_WARN_DIRECT_OBJC_ISA_USAGE = YES_ERROR;
				CLANG_WARN_DOCUMENTATION_COMMENTS = YES;
				CLANG_WARN_EMPTY_BODY = YES;
				CLANG_WARN_ENUM_CONVERSION = YES;
				CLANG_WARN_INFINITE_RECURSION = YES;
				CLANG_WARN_INT_CONVERSION = YES;
				CLANG_WARN_NON_LITERAL_NULL_CONVERSION = YES;
				CLANG_WARN_OBJC_IMPLICIT_RETAIN_SELF = YES;
				CLANG_WARN_OBJC_LITERAL_CONVERSION = YES;
				CLANG_WARN_OBJC_ROOT_CLASS = YES_ERROR;
				CLANG_WARN_QUOTED_INCLUDE_IN_FRAMEWORK_HEADER = YES;
				CLANG_WARN_RANGE_LOOP_ANALYSIS = YES;
				CLANG_WARN_STRICT_PROTOTYPES = YES;
				CLANG_WARN_SUSPICIOUS_MOVE = YES;
				CLANG_WARN_UNGUARDED_AVAILABILITY = YES_AGGRESSIVE;
				CLANG_WARN_UNREACHABLE_CODE = YES;
				CLANG_WARN__DUPLICATE_METHOD_MATCH = YES;
				COPY_PHASE_STRIP = NO;
				DEBUG_INFORMATION_FORMAT = dwarf;
				ENABLE_STRICT_OBJC_MSGSEND = YES;
				ENABLE_TESTABILITY = YES;
				GCC_C_LANGUAGE_STANDARD = gnu11;
				GCC_DYNAMIC_NO_PIC = NO;
				GCC_NO_COMMON_BLOCKS = YES;
				GCC_OPTIMIZATION_LEVEL = 0;
				GCC_PREPROCESSOR_DEFINITIONS = (
					"DEBUG=1",
					"$(inherited)",
				);
				GCC_WARN_64_TO_32_BIT_CONVERSION = YES;
				GCC_WARN_ABOUT_RETURN_TYPE = YES_ERROR;
				GCC_WARN_UNDECLARED_SELECTOR = YES;
				GCC_WARN_UNINITIALIZED_AUTOS = YES_AGGRESSIVE;
				GCC_WARN_UNUSED_FUNCTION = YES;
				GCC_WARN_UNUSED_VARIABLE = YES;
				IPHONEOS_DEPLOYMENT_TARGET = 15.5;
				MTL_ENABLE_DEBUG_INFO = INCLUDE_SOURCE;
				MTL_FAST_MATH = YES;
				ONLY_ACTIVE_ARCH = YES;
				SDKROOT = iphoneos;
				SWIFT_ACTIVE_COMPILATION_CONDITIONS = DEBUG;
				SWIFT_OPTIMIZATION_LEVEL = "-Onone";
			};
			name = Debug;
		};
		AB3100082ACBC23300FBF3BF /* Release */ = {
			isa = XCBuildConfiguration;
			buildSettings = {
				ALWAYS_SEARCH_USER_PATHS = NO;
				CLANG_ANALYZER_NONNULL = YES;
				CLANG_ANALYZER_NUMBER_OBJECT_CONVERSION = YES_AGGRESSIVE;
				CLANG_CXX_LANGUAGE_STANDARD = "gnu++17";
				CLANG_ENABLE_MODULES = YES;
				CLANG_ENABLE_OBJC_ARC = YES;
				CLANG_ENABLE_OBJC_WEAK = YES;
				CLANG_WARN_BLOCK_CAPTURE_AUTORELEASING = YES;
				CLANG_WARN_BOOL_CONVERSION = YES;
				CLANG_WARN_COMMA = YES;
				CLANG_WARN_CONSTANT_CONVERSION = YES;
				CLANG_WARN_DEPRECATED_OBJC_IMPLEMENTATIONS = YES;
				CLANG_WARN_DIRECT_OBJC_ISA_USAGE = YES_ERROR;
				CLANG_WARN_DOCUMENTATION_COMMENTS = YES;
				CLANG_WARN_EMPTY_BODY = YES;
				CLANG_WARN_ENUM_CONVERSION = YES;
				CLANG_WARN_INFINITE_RECURSION = YES;
				CLANG_WARN_INT_CONVERSION = YES;
				CLANG_WARN_NON_LITERAL_NULL_CONVERSION = YES;
				CLANG_WARN_OBJC_IMPLICIT_RETAIN_SELF = YES;
				CLANG_WARN_OBJC_LITERAL_CONVERSION = YES;
				CLANG_WARN_OBJC_ROOT_CLASS = YES_ERROR;
				CLANG_WARN_QUOTED_INCLUDE_IN_FRAMEWORK_HEADER = YES;
				CLANG_WARN_RANGE_LOOP_ANALYSIS = YES;
				CLANG_WARN_STRICT_PROTOTYPES = YES;
				CLANG_WARN_SUSPICIOUS_MOVE = YES;
				CLANG_WARN_UNGUARDED_AVAILABILITY = YES_AGGRESSIVE;
				CLANG_WARN_UNREACHABLE_CODE = YES;
				CLANG_WARN__DUPLICATE_METHOD_MATCH = YES;
				COPY_PHASE_STRIP = NO;
				DEBUG_INFORMATION_FORMAT = "dwarf-with-dsym";
				ENABLE_NS_ASSERTIONS = NO;
				ENABLE_STRICT_OBJC_MSGSEND = YES;
				GCC_C_LANGUAGE_STANDARD = gnu11;
				GCC_NO_COMMON_BLOCKS = YES;
				GCC_WARN_64_TO_32_BIT_CONVERSION = YES;
				GCC_WARN_ABOUT_RETURN_TYPE = YES_ERROR;
				GCC_WARN_UNDECLARED_SELECTOR = YES;
				GCC_WARN_UNINITIALIZED_AUTOS = YES_AGGRESSIVE;
				GCC_WARN_UNUSED_FUNCTION = YES;
				GCC_WARN_UNUSED_VARIABLE = YES;
				IPHONEOS_DEPLOYMENT_TARGET = 15.5;
				MTL_ENABLE_DEBUG_INFO = NO;
				MTL_FAST_MATH = YES;
				SDKROOT = iphoneos;
				SWIFT_COMPILATION_MODE = wholemodule;
				SWIFT_OPTIMIZATION_LEVEL = "-O";
				VALIDATE_PRODUCT = YES;
			};
			name = Release;
		};
		AB31000A2ACBC23300FBF3BF /* Debug */ = {
			isa = XCBuildConfiguration;
			buildSettings = {
				ASSETCATALOG_COMPILER_APPICON_NAME = AppIcon;
				ASSETCATALOG_COMPILER_GLOBAL_ACCENT_COLOR_NAME = AccentColor;
				CODE_SIGN_STYLE = Automatic;
				CURRENT_PROJECT_VERSION = 1;
				DEVELOPMENT_ASSET_PATHS = "\"GoFit/Preview Content\"";
				ENABLE_PREVIEWS = YES;
				GENERATE_INFOPLIST_FILE = YES;
				INFOPLIST_KEY_UIApplicationSceneManifest_Generation = YES;
				INFOPLIST_KEY_UIApplicationSupportsIndirectInputEvents = YES;
				INFOPLIST_KEY_UILaunchScreen_Generation = YES;
				INFOPLIST_KEY_UISupportedInterfaceOrientations_iPad = "UIInterfaceOrientationPortrait UIInterfaceOrientationPortraitUpsideDown UIInterfaceOrientationLandscapeLeft UIInterfaceOrientationLandscapeRight";
				INFOPLIST_KEY_UISupportedInterfaceOrientations_iPhone = "UIInterfaceOrientationPortrait UIInterfaceOrientationLandscapeLeft UIInterfaceOrientationLandscapeRight";
				LD_RUNPATH_SEARCH_PATHS = (
					"$(inherited)",
					"@executable_path/Frameworks",
				);
				MARKETING_VERSION = 1.0;
				PRODUCT_BUNDLE_IDENTIFIER = fsa.GoFit;
				PRODUCT_NAME = "$(TARGET_NAME)";
				SWIFT_EMIT_LOC_STRINGS = YES;
				SWIFT_VERSION = 5.0;
				TARGETED_DEVICE_FAMILY = "1,2";
			};
			name = Debug;
		};
		AB31000B2ACBC23300FBF3BF /* Release */ = {
			isa = XCBuildConfiguration;
			buildSettings = {
				ASSETCATALOG_COMPILER_APPICON_NAME = AppIcon;
				ASSETCATALOG_COMPILER_GLOBAL_ACCENT_COLOR_NAME = AccentColor;
				CODE_SIGN_STYLE = Automatic;
				CURRENT_PROJECT_VERSION = 1;
				DEVELOPMENT_ASSET_PATHS = "\"GoFit/Preview Content\"";
				ENABLE_PREVIEWS = YES;
				GENERATE_INFOPLIST_FILE = YES;
				INFOPLIST_KEY_UIApplicationSceneManifest_Generation = YES;
				INFOPLIST_KEY_UIApplicationSupportsIndirectInputEvents = YES;
				INFOPLIST_KEY_UILaunchScreen_Generation = YES;
				INFOPLIST_KEY_UISupportedInterfaceOrientations_iPad = "UIInterfaceOrientationPortrait UIInterfaceOrientationPortraitUpsideDown UIInterfaceOrientationLandscapeLeft UIInterfaceOrientationLandscapeRight";
				INFOPLIST_KEY_UISupportedInterfaceOrientations_iPhone = "UIInterfaceOrientationPortrait UIInterfaceOrientationLandscapeLeft UIInterfaceOrientationLandscapeRight";
				LD_RUNPATH_SEARCH_PATHS = (
					"$(inherited)",
					"@executable_path/Frameworks",
				);
				MARKETING_VERSION = 1.0;
				PRODUCT_BUNDLE_IDENTIFIER = fsa.GoFit;
				PRODUCT_NAME = "$(TARGET_NAME)";
				SWIFT_EMIT_LOC_STRINGS = YES;
				SWIFT_VERSION = 5.0;
				TARGETED_DEVICE_FAMILY = "1,2";
			};
			name = Release;
		};
		AB31000D2ACBC23300FBF3BF /* Debug */ = {
			isa = XCBuildConfiguration;
			buildSettings = {
				ALWAYS_EMBED_SWIFT_STANDARD_LIBRARIES = YES;
				BUNDLE_LOADER = "$(TEST_HOST)";
				CODE_SIGN_STYLE = Automatic;
				CURRENT_PROJECT_VERSION = 1;
				GENERATE_INFOPLIST_FILE = YES;
				IPHONEOS_DEPLOYMENT_TARGET = 15.5;
				MARKETING_VERSION = 1.0;
				PRODUCT_BUNDLE_IDENTIFIER = fsa.GoFitTests;
				PRODUCT_NAME = "$(TARGET_NAME)";
				SWIFT_EMIT_LOC_STRINGS = NO;
				SWIFT_VERSION = 5.0;
				TARGETED_DEVICE_FAMILY = "1,2";
				TEST_HOST = "$(BUILT_PRODUCTS_DIR)/GoFit.app/GoFit";
			};
			name = Debug;
		};
		AB31000E2ACBC23300FBF3BF /* Release */ = {
			isa = XCBuildConfiguration;
			buildSettings = {
				ALWAYS_EMBED_SWIFT_STANDARD_LIBRARIES = YES;
				BUNDLE_LOADER = "$(TEST_HOST)";
				CODE_SIGN_STYLE = Automatic;
				CURRENT_PROJECT_VERSION = 1;
				GENERATE_INFOPLIST_FILE = YES;
				IPHONEOS_DEPLOYMENT_TARGET = 15.5;
				MARKETING_VERSION = 1.0;
				PRODUCT_BUNDLE_IDENTIFIER = fsa.GoFitTests;
				PRODUCT_NAME = "$(TARGET_NAME)";
				SWIFT_EMIT_LOC_STRINGS = NO;
				SWIFT_VERSION = 5.0;
				TARGETED_DEVICE_FAMILY = "1,2";
				TEST_HOST = "$(BUILT_PRODUCTS_DIR)/GoFit.app/GoFit";
			};
			name = Release;
		};
		AB3100102ACBC23300FBF3BF /* Debug */ = {
			isa = XCBuildConfiguration;
			buildSettings = {
				ALWAYS_EMBED_SWIFT_STANDARD_LIBRARIES = YES;
				CODE_SIGN_STYLE = Automatic;
				CURRENT_PROJECT_VERSION = 1;
				GENERATE_INFOPLIST_FILE = YES;
				MARKETING_VERSION = 1.0;
				PRODUCT_BUNDLE_IDENTIFIER = fsa.GoFitUITests;
				PRODUCT_NAME = "$(TARGET_NAME)";
				SWIFT_EMIT_LOC_STRINGS = NO;
				SWIFT_VERSION = 5.0;
				TARGETED_DEVICE_FAMILY = "1,2";
				TEST_TARGET_NAME = GoFit;
			};
			name = Debug;
		};
		AB3100112ACBC23300FBF3BF /* Release */ = {
			isa = XCBuildConfiguration;
			buildSettings = {
				ALWAYS_EMBED_SWIFT_STANDARD_LIBRARIES = YES;
				CODE_SIGN_STYLE = Automatic;
				CURRENT_PROJECT_VERSION = 1;
				GENERATE_INFOPLIST_FILE = YES;
				MARKETING_VERSION = 1.0;
				PRODUCT_BUNDLE_IDENTIFIER = fsa.GoFitUITests;
				PRODUCT_NAME = "$(TARGET_NAME)";
				SWIFT_EMIT_LOC_STRINGS = NO;
				SWIFT_VERSION = 5.0;
				TARGETED_DEVICE_FAMILY = "1,2";
				TEST_TARGET_NAME = GoFit;
			};
			name = Release;
		};
/* End XCBuildConfiguration section */

/* Begin XCConfigurationList section */
		AB3100092ACBC23300FBF3BF /* Build configuration list for PBXNativeTarget "GoFit" */ = {
			isa = XCConfigurationList;
			buildConfigurations = (
				AB31000A2ACBC23300FBF3BF /* Debug */,
				AB31000B2ACBC23300FBF3BF /* Release */,
			);
			defaultConfigurationIsVisible = 0;
			defaultConfigurationName = Release;
		};
		AB31000C2ACBC23300FBF3BF /* Build configuration list for PBXNativeTarget "GoFitTests" */ = {
			isa = XCConfigurationList;
			buildConfigurations = (
				AB31000D2ACBC23300FBF3BF /* Debug */,
				AB31000E2ACBC23300FBF3BF /* Release */,
			);
			defaultConfigurationIsVisible = 0;
			defaultConfigurationName = Release;
		};
		AB31000F2ACBC23300FBF3BF /* Build configuration list for PBXNativeTarget "GoFitUITests" */ = {
			isa = XCConfigurationList;
			buildConfigurations = (
				AB3100102ACBC23300FBF3BF /* Debug */,
				AB3100112ACBC23300FBF3BF /* Release */,
			);
			defaultConfigurationIsVisible = 0;
			defaultConfigurationName = Release;
		};
		AB31FFE02ACBC23100FBF3BF /* Build configuration list for PBXProject "GoFit" */ = {
			isa = XCConfigurationList;
			buildConfigurations = (
				AB3100072ACBC23300FBF3BF /* Debug */,
				AB3100082ACBC23300FBF3BF /* Release */,
			);
			defaultConfigurationIsVisible = 0;
			defaultConfigurationName = Release;
		};
/* End XCConfigurationList section */
	};
	rootObject = AB31FFDD2ACBC23100FBF3BF /* Project object */;
}
